
Microsoft Visual Studio Solution File, Format Version 12.00
# Visual Studio 15
VisualStudioVersion = 15.0.28307.329
MinimumVisualStudioVersion = 10.0.40219.1
Project("{FAE04EC0-301F-11D3-BF4B-00C04F79EFBC}") = "PremisesTest", "PremisesTest\PremisesTest.csproj", "{4C17EDA1-9AAC-4666-AAF4-616BFE87A90B}"
EndProject
Global
	GlobalSection(SolutionConfigurationPlatforms) = preSolution
		Debug|Any CPU = Debug|Any CPU
		Release|Any CPU = Release|Any CPU
	EndGlobalSection
	GlobalSection(ProjectConfigurationPlatforms) = postSolution
		{4C17EDA1-9AAC-4666-AAF4-616BFE87A90B}.Debug|Any CPU.ActiveCfg = Debug|Any CPU
		{4C17EDA1-9AAC-4666-AAF4-616BFE87A90B}.Debug|Any CPU.Build.0 = Debug|Any CPU
		{4C17EDA1-9AAC-4666-AAF4-616BFE87A90B}.Release|Any CPU.ActiveCfg = Release|Any CPU
		{4C17EDA1-9AAC-4666-AAF4-616BFE87A90B}.Release|Any CPU.Build.0 = Release|Any CPU
	EndGlobalSection
	GlobalSection(SolutionProperties) = preSolution
		HideSolutionNode = FALSE
	EndGlobalSection
	GlobalSection(ExtensibilityGlobals) = postSolution
		SolutionGuid = {728AA491-9CD1-4359-AAD6-04DDC68A006F}
	EndGlobalSection
EndGlobal
